
Microsoft Visual Studio Solution File, Format Version 12.00
# Visual Studio Version 17
VisualStudioVersion = 17.1.32328.378
MinimumVisualStudioVersion = 10.0.40219.1
Project("{5D13103F-17F7-4A68-BF54-9A1A34757756}") = "WhatMapIsItAnyway", "Source\WhatMapIsItAnyway.csproj", "{804B0FDC-6843-4244-972D-2844B34A5009}"
EndProject
Project("{2150E333-8FDC-42A3-9474-1A3956D46DE8}") = "About", "About", "{B076805D-56C9-4354-9A03-959FC8A323E9}"
	ProjectSection(SolutionItems) = preProject
		About\About.xml = About\About.xml
		About\Manifest.xml = About\Manifest.xml
	EndProjectSection
EndProject
Global
	GlobalSection(SolutionConfigurationPlatforms) = preSolution
		Debug|Any CPU = Debug|Any CPU
		Release|Any CPU = Release|Any CPU
	EndGlobalSection
	GlobalSection(ProjectConfigurationPlatforms) = postSolution
		{804B0FDC-6843-4244-972D-2844B34A5009}.Debug|Any CPU.ActiveCfg = Debug|Any CPU
		{804B0FDC-6843-4244-972D-2844B34A5009}.Debug|Any CPU.Build.0 = Debug|Any CPU
		{804B0FDC-6843-4244-972D-2844B34A5009}.Release|Any CPU.ActiveCfg = Release|Any CPU
		{804B0FDC-6843-4244-972D-2844B34A5009}.Release|Any CPU.Build.0 = Release|Any CPU
	EndGlobalSection
	GlobalSection(SolutionProperties) = preSolution
		HideSolutionNode = FALSE
	EndGlobalSection
	GlobalSection(ExtensibilityGlobals) = postSolution
		SolutionGuid = {CA840675-F119-4E4D-BBA6-71F311A047B1}
	EndGlobalSection
EndGlobal
